
Microsoft Visual Studio Solution File, Format Version 12.00
# Visual Studio Version 17
VisualStudioVersion = 17.0.32014.148
MinimumVisualStudioVersion = 10.0.40219.1
Project("{888888A0-9F3D-457C-B088-3A5042F75D52}") = "bankaccount-app", "bankaccount-app\bankaccount-app.pyproj", "{AB422D92-8B8C-4810-B25A-932D0B02AE44}"
EndProject
Global
	GlobalSection(SolutionConfigurationPlatforms) = preSolution
		Debug|Any CPU = Debug|Any CPU
		Release|Any CPU = Release|Any CPU
	EndGlobalSection
	GlobalSection(ProjectConfigurationPlatforms) = postSolution
		{AB422D92-8B8C-4810-B25A-932D0B02AE44}.Debug|Any CPU.ActiveCfg = Debug|Any CPU
		{AB422D92-8B8C-4810-B25A-932D0B02AE44}.Release|Any CPU.ActiveCfg = Release|Any CPU
	EndGlobalSection
	GlobalSection(SolutionProperties) = preSolution
		HideSolutionNode = FALSE
	EndGlobalSection
	GlobalSection(ExtensibilityGlobals) = postSolution
		SolutionGuid = {67D0C15F-12BC-4FC8-9695-67A5E06D1C0D}
	EndGlobalSection
EndGlobal
